# Generated by move; do not edit
# This file should be checked in.

[move]
version = 4

[pinned.mainnet.MoveStdlib]
source = { git = "https://github.com/MystenLabs/sui.git", subdir = "crates/sui-framework/packages/move-stdlib", rev = "2a0becb2fcc6989e492981104af67f62f2c9511a" }
use_environment = "mainnet"
manifest_digest = "C4FE4C91DE74CBF223B2E380AE40F592177D21870DC2D7EB6227D2D694E05363"
deps = {}

[pinned.mainnet.MoveStdlib_1]
source = { git = "https://github.com/MystenLabs/sui.git", subdir = "crates/sui-framework/packages/move-stdlib", rev = "d50b78880fdacb1bbde92e6974ed71a7650c1090" }
use_environment = "mainnet"
manifest_digest = "C4FE4C91DE74CBF223B2E380AE40F592177D21870DC2D7EB6227D2D694E05363"
deps = {}

[pinned.mainnet.Sui]
source = { git = "https://github.com/MystenLabs/sui.git", subdir = "crates/sui-framework/packages/sui-framework", rev = "2a0becb2fcc6989e492981104af67f62f2c9511a" }
use_environment = "mainnet"
manifest_digest = "CD547CB1ACCE0880C835DAED2D8FFCB91D56C833AE5240D3AA5B918398263195"
deps = { MoveStdlib = "MoveStdlib" }

[pinned.mainnet.SuiSystem]
source = { git = "https://github.com/MystenLabs/sui.git", subdir = "crates/sui-framework/packages/sui-system", rev = "d50b78880fdacb1bbde92e6974ed71a7650c1090" }
use_environment = "mainnet"
manifest_digest = "CCBB2DE961DACC94644C65D54E808DEF86BC7E9C42A494D5250CC5F99392E069"
deps = { MoveStdlib = "MoveStdlib_1", Sui = "Sui_1" }

[pinned.mainnet.Sui_1]
source = { git = "https://github.com/MystenLabs/sui.git", subdir = "crates/sui-framework/packages/sui-framework", rev = "d50b78880fdacb1bbde92e6974ed71a7650c1090" }
use_environment = "mainnet"
manifest_digest = "CD547CB1ACCE0880C835DAED2D8FFCB91D56C833AE5240D3AA5B918398263195"
deps = { MoveStdlib = "MoveStdlib_1" }

[pinned.mainnet.agent_mind]
source = { root = true }
use_environment = "mainnet"
manifest_digest = "64E7EB3BC7B3E94AB030BD8AAA13A822865AE94919AC882D5468D2BEAD722D3D"
deps = { projectx_social = "projectx_social", std = "MoveStdlib", sui = "Sui" }

[pinned.mainnet.projectx_social]
source = { local = "../sui-contracts" }
use_environment = "mainnet"
manifest_digest = "DD5CAD2C4E82955E6C8E7F5B80F2F49C4C5320FDDC349845EFB1588237222FDD"
deps = { SuiSystem = "SuiSystem" }
